
Microsoft Visual Studio Solution File, Format Version 12.00
# Visual Studio Version 16
VisualStudioVersion = 16.0.30804.86
MinimumVisualStudioVersion = 10.0.40219.1
Project("{9A19103F-16F7-4668-BE54-9A1E7A4F7556}") = "MyDiet_API", "MyDiet_API\MyDiet_API.csproj", "{563F2234-48E8-421C-BD12-BA6EA1FCA30A}"
EndProject
Project("{9A19103F-16F7-4668-BE54-9A1E7A4F7556}") = "MyDiet_API.Shared", "MyDiet_API.Shared\MyDiet_API.Shared.csproj", "{AE47D382-38A5-4D10-87B7-A7E2E4AB8300}"
EndProject
Project("{FAE04EC0-301F-11D3-BF4B-00C04F79EFBC}") = "MyDiet_API.UnitTests", "MyDiet_API.UnitTests\MyDiet_API.UnitTests.csproj", "{65982965-F67A-4757-B095-033A83643DE5}"
EndProject
Global
	GlobalSection(SolutionConfigurationPlatforms) = preSolution
		Debug|Any CPU = Debug|Any CPU
		Release|Any CPU = Release|Any CPU
	EndGlobalSection
	GlobalSection(ProjectConfigurationPlatforms) = postSolution
		{563F2234-48E8-421C-BD12-BA6EA1FCA30A}.Debug|Any CPU.ActiveCfg = Debug|Any CPU
		{563F2234-48E8-421C-BD12-BA6EA1FCA30A}.Debug|Any CPU.Build.0 = Debug|Any CPU
		{563F2234-48E8-421C-BD12-BA6EA1FCA30A}.Release|Any CPU.ActiveCfg = Release|Any CPU
		{563F2234-48E8-421C-BD12-BA6EA1FCA30A}.Release|Any CPU.Build.0 = Release|Any CPU
		{AE47D382-38A5-4D10-87B7-A7E2E4AB8300}.Debug|Any CPU.ActiveCfg = Debug|Any CPU
		{AE47D382-38A5-4D10-87B7-A7E2E4AB8300}.Debug|Any CPU.Build.0 = Debug|Any CPU
		{AE47D382-38A5-4D10-87B7-A7E2E4AB8300}.Release|Any CPU.ActiveCfg = Release|Any CPU
		{AE47D382-38A5-4D10-87B7-A7E2E4AB8300}.Release|Any CPU.Build.0 = Release|Any CPU
		{65982965-F67A-4757-B095-033A83643DE5}.Debug|Any CPU.ActiveCfg = Debug|Any CPU
		{65982965-F67A-4757-B095-033A83643DE5}.Debug|Any CPU.Build.0 = Debug|Any CPU
		{65982965-F67A-4757-B095-033A83643DE5}.Release|Any CPU.ActiveCfg = Release|Any CPU
		{65982965-F67A-4757-B095-033A83643DE5}.Release|Any CPU.Build.0 = Release|Any CPU
	EndGlobalSection
	GlobalSection(SolutionProperties) = preSolution
		HideSolutionNode = FALSE
	EndGlobalSection
	GlobalSection(ExtensibilityGlobals) = postSolution
		SolutionGuid = {3ED53A64-3D3A-419D-86D4-F31CDF72737A}
	EndGlobalSection
EndGlobal
